
Microsoft Visual Studio Solution File, Format Version 12.00
# Visual Studio Version 17
VisualStudioVersion = 17.5.33627.172
MinimumVisualStudioVersion = 10.0.40219.1
Project("{FAE04EC0-301F-11D3-BF4B-00C04F79EFBC}") = "ValidBraces", "ValidBraces\ValidBraces.csproj", "{B127C771-C541-4873-8015-C6CCEC79710A}"
EndProject
Global
	GlobalSection(SolutionConfigurationPlatforms) = preSolution
		Debug|Any CPU = Debug|Any CPU
		Release|Any CPU = Release|Any CPU
	EndGlobalSection
	GlobalSection(ProjectConfigurationPlatforms) = postSolution
		{B127C771-C541-4873-8015-C6CCEC79710A}.Debug|Any CPU.ActiveCfg = Debug|Any CPU
		{B127C771-C541-4873-8015-C6CCEC79710A}.Debug|Any CPU.Build.0 = Debug|Any CPU
		{B127C771-C541-4873-8015-C6CCEC79710A}.Release|Any CPU.ActiveCfg = Release|Any CPU
		{B127C771-C541-4873-8015-C6CCEC79710A}.Release|Any CPU.Build.0 = Release|Any CPU
	EndGlobalSection
	GlobalSection(SolutionProperties) = preSolution
		HideSolutionNode = FALSE
	EndGlobalSection
	GlobalSection(ExtensibilityGlobals) = postSolution
		SolutionGuid = {6E2802E1-B087-4F77-B0F4-2BDA4FAB246D}
	EndGlobalSection
EndGlobal
